# Generated by pub
# See https://dart.dev/tools/pub/glossary#lockfile
packages:
  api_cache_manager:
    dependency: "direct main"
    description:
      name: api_cache_manager
      sha256: "675dee8d3e8d6ec690f4d443b25bb398f1b31c1c1cb219c7c19531c62d20aed9"
      url: "https://pub.dev"
    source: hosted
    version: "1.0.2"
  async:
    dependency: transitive
    description:
      name: async
      sha256: "947bfcf187f74dbc5e146c9eb9c0f10c9f8b30743e341481c1e2ed3ecc18c20c"
      url: "https://pub.dev"
    source: hosted
    version: "2.11.0"
  basic_utils:
    dependency: transitive
    description:
      name: basic_utils
      sha256: "8815477fcf58499e42326bd858e391442425fa57db9a45e48e15224c62049262"
      url: "https://pub.dev"
    source: hosted
    version: "5.5.4"
  boolean_selector:
    dependency: transitive
    description:
      name: boolean_selector
      sha256: "6cfb5af12253eaf2b368f07bacc5a80d1301a071c73360d746b7f2e32d762c66"
      url: "https://pub.dev"
    source: hosted
    version: "2.1.1"
  bson:
    dependency: transitive
    description:
      name: bson
      sha256: b660352c1912b8c2578c6b0278834dfbe408475726aa6c7acdcff69827dc4e98
      url: "https://pub.dev"
    source: hosted
    version: "4.0.0"
  buffer:
    dependency: transitive
    description:
      name: buffer
      sha256: "8962c12174f53e2e848a6acd7ac7fd63d8a1a6a316c20c458a832d87eba5422a"
      url: "https://pub.dev"
    source: hosted
    version: "1.2.0"
  characters:
    dependency: transitive
    description:
      name: characters
      sha256: "04a925763edad70e8443c99234dc3328f442e811f1d8fd1a72f1c8ad0f69a605"
      url: "https://pub.dev"
    source: hosted
    version: "1.3.0"
  clock:
    dependency: transitive
    description:
      name: clock
      sha256: cb6d7f03e1de671e34607e909a7213e31d7752be4fb66a86d29fe1eb14bfb5cf
      url: "https://pub.dev"
    source: hosted
    version: "1.1.1"
  collection:
    dependency: transitive
    description:
      name: collection
      sha256: ee67cb0715911d28db6bf4af1026078bd6f0128b07a5f66fb2ed94ec6783c09a
      url: "https://pub.dev"
    source: hosted
    version: "1.18.0"
  convert:
    dependency: transitive
    description:
      name: convert
      sha256: "0f08b14755d163f6e2134cb58222dd25ea2a2ee8a195e53983d57c075324d592"
      url: "https://pub.dev"
    source: hosted
    version: "3.1.1"
  cross_file:
    dependency: transitive
    description:
      name: cross_file
      sha256: "0b0036e8cccbfbe0555fd83c1d31a6f30b77a96b598b35a5d36dd41f718695e9"
      url: "https://pub.dev"
    source: hosted
    version: "0.3.3+4"
  crypto:
    dependency: transitive
    description:
      name: crypto
      sha256: aa274aa7774f8964e4f4f38cc994db7b6158dd36e9187aaceaddc994b35c6c67
      url: "https://pub.dev"
    source: hosted
    version: "3.0.2"
  cupertino_icons:
    dependency: "direct main"
    description:
      name: cupertino_icons
      sha256: e35129dc44c9118cee2a5603506d823bab99c68393879edb440e0090d07586be
      url: "https://pub.dev"
    source: hosted
    version: "1.0.5"
  decimal:
    dependency: transitive
    description:
      name: decimal
      sha256: eece91944f523657c75a3a008a90ec7f7eb3986191153a78570c7d0ac8ef3d01
      url: "https://pub.dev"
    source: hosted
    version: "2.3.2"
  esp_smartconfig:
    dependency: "direct main"
    description:
      name: esp_smartconfig
      sha256: "7dab804ac19459f89356af786ca4bc7fe72dca27aa2344a0d77881a577bd4647"
      url: "https://pub.dev"
    source: hosted
    version: "1.1.11"
  fake_async:
    dependency: transitive
    description:
      name: fake_async
      sha256: "511392330127add0b769b75a987850d136345d9227c6b94c96a04cf4a391bf78"
      url: "https://pub.dev"
    source: hosted
    version: "1.3.1"
  fixnum:
    dependency: transitive
    description:
      name: fixnum
      sha256: "25517a4deb0c03aa0f32fd12db525856438902d9c16536311e76cdc57b31d7d1"
      url: "https://pub.dev"
    source: hosted
    version: "1.1.0"
  flutter:
    dependency: "direct main"
    description: flutter
    source: sdk
    version: "0.0.0"
  flutter_dotenv:
    dependency: "direct main"
    description:
      name: flutter_dotenv
      sha256: b7c7be5cd9f6ef7a78429cabd2774d3c4af50e79cb2b7593e3d5d763ef95c61b
      url: "https://pub.dev"
    source: hosted
    version: "5.2.1"
  flutter_lints:
    dependency: "direct dev"
    description:
      name: flutter_lints
      sha256: aeb0b80a8b3709709c9cc496cdc027c5b3216796bc0af0ce1007eaf24464fd4c
      url: "https://pub.dev"
    source: hosted
    version: "2.0.1"
  flutter_plugin_android_lifecycle:
    dependency: transitive
    description:
      name: flutter_plugin_android_lifecycle
      sha256: c224ac897bed083dabf11f238dd11a239809b446740be0c2044608c50029ffdf
      url: "https://pub.dev"
    source: hosted
    version: "2.0.9"
  flutter_test:
    dependency: "direct dev"
    description: flutter
    source: sdk
    version: "0.0.0"
  flutter_web_plugins:
    dependency: transitive
    description: flutter
    source: sdk
    version: "0.0.0"
  http:
    dependency: "direct main"
    description:
      name: http
      sha256: "6aa2946395183537c8b880962d935877325d6a09a2867c3970c05c0fed6ac482"
      url: "https://pub.dev"
    source: hosted
    version: "0.13.5"
  http_parser:
    dependency: transitive
    description:
      name: http_parser
      sha256: "2aa08ce0341cc9b354a498388e30986515406668dbcc4f7c950c3e715496693b"
      url: "https://pub.dev"
    source: hosted
    version: "4.0.2"
  image_picker:
    dependency: transitive
    description:
      name: image_picker
      sha256: f202f5d730eb8219e35e80c4461fb3a779940ad30ce8fde1586df756e3af25e6
      url: "https://pub.dev"
    source: hosted
    version: "0.8.7+3"
  image_picker_android:
    dependency: transitive
    description:
      name: image_picker_android
      sha256: "1ea6870350f56af8dab716459bd9d5dc76947e29e07a2ba1d0c172eaaf4f269c"
      url: "https://pub.dev"
    source: hosted
    version: "0.8.6+7"
  image_picker_for_web:
    dependency: transitive
    description:
      name: image_picker_for_web
      sha256: "98f50d6b9f294c8ba35e25cc0d13b04bfddd25dbc8d32fa9d566a6572f2c081c"
      url: "https://pub.dev"
    source: hosted
    version: "2.1.12"
  image_picker_ios:
    dependency: transitive
    description:
      name: image_picker_ios
      sha256: a1546ff5861fc15812953d4733b520c3d371cec3d2859a001ff04c46c4d81883
      url: "https://pub.dev"
    source: hosted
    version: "0.8.7+3"
  image_picker_platform_interface:
    dependency: transitive
    description:
      name: image_picker_platform_interface
      sha256: "1991219d9dbc42a99aff77e663af8ca51ced592cd6685c9485e3458302d3d4f8"
      url: "https://pub.dev"
    source: hosted
    version: "2.6.3"
  intl:
    dependency: transitive
    description:
      name: intl
      sha256: a3715e3bc90294e971cb7dc063fbf3cd9ee0ebf8604ffeafabd9e6f16abbdbe6
      url: "https://pub.dev"
    source: hosted
    version: "0.18.0"
  js:
    dependency: transitive
    description:
      name: js
      sha256: "5528c2f391ededb7775ec1daa69e65a2d61276f7552de2b5f7b8d34ee9fd4ab7"
      url: "https://pub.dev"
    source: hosted
    version: "0.6.5"
  json_annotation:
    dependency: transitive
    description:
      name: json_annotation
      sha256: c33da08e136c3df0190bd5bbe51ae1df4a7d96e7954d1d7249fea2968a72d317
      url: "https://pub.dev"
    source: hosted
    version: "4.8.0"
  leak_tracker:
    dependency: transitive
    description:
      name: leak_tracker
      sha256: "3f87a60e8c63aecc975dda1ceedbc8f24de75f09e4856ea27daf8958f2f0ce05"
      url: "https://pub.dev"
    source: hosted
    version: "10.0.5"
  leak_tracker_flutter_testing:
    dependency: transitive
    description:
      name: leak_tracker_flutter_testing
      sha256: "932549fb305594d82d7183ecd9fa93463e9914e1b67cacc34bc40906594a1806"
      url: "https://pub.dev"
    source: hosted
    version: "3.0.5"
  leak_tracker_testing:
    dependency: transitive
    description:
      name: leak_tracker_testing
      sha256: "6ba465d5d76e67ddf503e1161d1f4a6bc42306f9d66ca1e8f079a47290fb06d3"
      url: "https://pub.dev"
    source: hosted
    version: "3.0.1"
  lints:
    dependency: transitive
    description:
      name: lints
      sha256: "5e4a9cd06d447758280a8ac2405101e0e2094d2a1dbdd3756aec3fe7775ba593"
      url: "https://pub.dev"
    source: hosted
    version: "2.0.1"
  loggerx:
    dependency: transitive
    description:
      name: loggerx
      sha256: "93862b99a05f1a78ac26d0901e55cd3864f5f7741b94d07ff3f3b60db18810a1"
      url: "https://pub.dev"
    source: hosted
    version: "1.3.6"
  logging:
    dependency: transitive
    description:
      name: logging
      sha256: "04094f2eb032cbb06c6f6e8d3607edcfcb0455e2bb6cbc010cb01171dcb64e6d"
      url: "https://pub.dev"
    source: hosted
    version: "1.1.1"
  mailjet:
    dependency: "direct main"
    description:
      name: mailjet
      sha256: "80f07459bf2bb2d28cee1c528edb71f75824d43f8f872e6d3641426354d2098a"
      url: "https://pub.dev"
    source: hosted
    version: "1.0.3+3"
  matcher:
    dependency: transitive
    description:
      name: matcher
      sha256: d2323aa2060500f906aa31a895b4030b6da3ebdcc5619d14ce1aada65cd161cb
      url: "https://pub.dev"
    source: hosted
    version: "0.12.16+1"
  material_color_utilities:
    dependency: transitive
    description:
      name: material_color_utilities
      sha256: f7142bb1154231d7ea5f96bc7bde4bda2a0945d2806bb11670e30b850d56bdec
      url: "https://pub.dev"
    source: hosted
    version: "0.11.1"
  meta:
    dependency: transitive
    description:
      name: meta
      sha256: bdb68674043280c3428e9ec998512fb681678676b3c54e773629ffe74419f8c7
      url: "https://pub.dev"
    source: hosted
    version: "1.15.0"
  mimalo:
    dependency: transitive
    description:
      name: mimalo
      sha256: acbeba5a61687985872c7e871579b687f72f5cc9a93c79d44a696e71a26486b8
      url: "https://pub.dev"
    source: hosted
    version: "0.0.3+4"
  mongo_dart:
    dependency: "direct main"
    description:
      name: mongo_dart
      sha256: "81ceb0db689b4d367bbe24904740ba3cc61354adacf6a5ff51f2141b3e3a6dca"
      url: "https://pub.dev"
    source: hosted
    version: "0.9.1"
  mongo_dart_query:
    dependency: transitive
    description:
      name: mongo_dart_query
      sha256: ccb2875f84a33afe72025ba447956cf4dbad5c7776e5e7cb00f39a1b5234291b
      url: "https://pub.dev"
    source: hosted
    version: "4.0.0"
  packages_extensions:
    dependency: transitive
    description:
      name: packages_extensions
      sha256: "268108a92be955e33a58cf6492e289e43ef55a50c89fa64947f032f5cefeb3fc"
      url: "https://pub.dev"
    source: hosted
    version: "0.1.0"
  path:
    dependency: transitive
    description:
      name: path
      sha256: "087ce49c3f0dc39180befefc60fdb4acd8f8620e5682fe2476afd0b3688bb4af"
      url: "https://pub.dev"
    source: hosted
    version: "1.9.0"
  pedantic:
    dependency: transitive
    description:
      name: pedantic
      sha256: "67fc27ed9639506c856c840ccce7594d0bdcd91bc8d53d6e52359449a1d50602"
      url: "https://pub.dev"
    source: hosted
    version: "1.11.1"
  plugin_platform_interface:
    dependency: transitive
    description:
      name: plugin_platform_interface
      sha256: "6a2128648c854906c53fa8e33986fc0247a1116122f9534dd20e3ab9e16a32bc"
      url: "https://pub.dev"
    source: hosted
    version: "2.1.4"
  pointycastle:
    dependency: transitive
    description:
      name: pointycastle
      sha256: "7c1e5f0d23c9016c5bbd8b1473d0d3fb3fc851b876046039509e18e0c7485f2c"
      url: "https://pub.dev"
    source: hosted
    version: "3.7.3"
  pool:
    dependency: transitive
    description:
      name: pool
      sha256: "20fe868b6314b322ea036ba325e6fc0711a22948856475e2c2b6306e8ab39c2a"
      url: "https://pub.dev"
    source: hosted
    version: "1.5.1"
  power_extensions:
    dependency: transitive
    description:
      name: power_extensions
      sha256: "9e9092bebe65c05de19eab134f3c2a00afb8857fcb0a8a4571dad1e8289f170c"
      url: "https://pub.dev"
    source: hosted
    version: "0.2.2"
  rational:
    dependency: transitive
    description:
      name: rational
      sha256: ba58e9e18df9abde280e8b10051e4bce85091e41e8e7e411b6cde2e738d357cf
      url: "https://pub.dev"
    source: hosted
    version: "2.2.2"
  sasl_scram:
    dependency: transitive
    description:
      name: sasl_scram
      sha256: a47207a436eb650f8fdcf54a2e2587b850dc3caef9973ce01f332b07a6fc9cb9
      url: "https://pub.dev"
    source: hosted
    version: "0.1.1"
  saslprep:
    dependency: transitive
    description:
      name: saslprep
      sha256: "79c9e163a82f55da542feaf0f7a59031e74493299c92008b2b404cd88d639bb4"
      url: "https://pub.dev"
    source: hosted
    version: "1.0.2"
  sexy_api_client:
    dependency: transitive
    description:
      name: sexy_api_client
      sha256: c94f99b848885a45e38c90204026e0943abd691f0976be5f382190f52f314199
      url: "https://pub.dev"
    source: hosted
    version: "0.0.6+6"
  sky_engine:
    dependency: transitive
    description: flutter
    source: sdk
    version: "0.0.99"
  snippet_coder_utils:
    dependency: "direct main"
    description:
      name: snippet_coder_utils
      sha256: fb60b8a6b4cab3dddc17ce903cc073d2f5d42ebed676146dde0faba040dc4158
      url: "https://pub.dev"
    source: hosted
    version: "1.0.13"
  source_span:
    dependency: transitive
    description:
      name: source_span
      sha256: "53e943d4206a5e30df338fd4c6e7a077e02254531b138a15aec3bd143c1a8b3c"
      url: "https://pub.dev"
    source: hosted
    version: "1.10.0"
  sqflite:
    dependency: transitive
    description:
      name: sqflite
      sha256: "500d6fec583d2c021f2d25a056d96654f910662c64f836cd2063167b8f1fa758"
      url: "https://pub.dev"
    source: hosted
    version: "2.2.6"
  sqflite_common:
    dependency: transitive
    description:
      name: sqflite_common
      sha256: "963dad8c4aa2f814ce7d2d5b1da2f36f31bd1a439d8f27e3dc189bb9d26bc684"
      url: "https://pub.dev"
    source: hosted
    version: "2.4.3"
  stack_trace:
    dependency: transitive
    description:
      name: stack_trace
      sha256: "73713990125a6d93122541237550ee3352a2d84baad52d375a4cad2eb9b7ce0b"
      url: "https://pub.dev"
    source: hosted
    version: "1.11.1"
  stream_channel:
    dependency: transitive
    description:
      name: stream_channel
      sha256: ba2aa5d8cc609d96bbb2899c28934f9e1af5cddbd60a827822ea467161eb54e7
      url: "https://pub.dev"
    source: hosted
    version: "2.1.2"
  string_scanner:
    dependency: transitive
    description:
      name: string_scanner
      sha256: "556692adab6cfa87322a115640c11f13cb77b3f076ddcc5d6ae3c20242bedcde"
      url: "https://pub.dev"
    source: hosted
    version: "1.2.0"
  synchronized:
    dependency: transitive
    description:
      name: synchronized
      sha256: "33b31b6beb98100bf9add464a36a8dd03eb10c7a8cf15aeec535e9b054aaf04b"
      url: "https://pub.dev"
    source: hosted
    version: "3.0.1"
  term_glyph:
    dependency: transitive
    description:
      name: term_glyph
      sha256: a29248a84fbb7c79282b40b8c72a1209db169a2e0542bce341da992fe1bc7e84
      url: "https://pub.dev"
    source: hosted
    version: "1.2.1"
  test_api:
    dependency: transitive
    description:
      name: test_api
      sha256: "5b8a98dafc4d5c4c9c72d8b31ab2b23fc13422348d2997120294d3bac86b4ddb"
      url: "https://pub.dev"
    source: hosted
    version: "0.7.2"
  typed_data:
    dependency: transitive
    description:
      name: typed_data
      sha256: "26f87ade979c47a150c9eaab93ccd2bebe70a27dc0b4b29517f2904f04eb11a5"
      url: "https://pub.dev"
    source: hosted
    version: "1.3.1"
  unorm_dart:
    dependency: transitive
    description:
      name: unorm_dart
      sha256: "5b35bff83fce4d76467641438f9e867dc9bcfdb8c1694854f230579d68cd8f4b"
      url: "https://pub.dev"
    source: hosted
    version: "0.2.0"
  url_launcher:
    dependency: "direct main"
    description:
      name: url_launcher
      sha256: "75f2846facd11168d007529d6cd8fcb2b750186bea046af9711f10b907e1587e"
      url: "https://pub.dev"
    source: hosted
    version: "6.1.10"
  url_launcher_android:
    dependency: transitive
    description:
      name: url_launcher_android
      sha256: a52628068d282d01a07cd86e6ba99e497aa45ce8c91159015b2416907d78e411
      url: "https://pub.dev"
    source: hosted
    version: "6.0.27"
  url_launcher_ios:
    dependency: transitive
    description:
      name: url_launcher_ios
      sha256: "9af7ea73259886b92199f9e42c116072f05ff9bea2dcb339ab935dfc957392c2"
      url: "https://pub.dev"
    source: hosted
    version: "6.1.4"
  url_launcher_linux:
    dependency: transitive
    description:
      name: url_launcher_linux
      sha256: "206fb8334a700ef7754d6a9ed119e7349bc830448098f21a69bf1b4ed038cabc"
      url: "https://pub.dev"
    source: hosted
    version: "3.0.4"
  url_launcher_macos:
    dependency: transitive
    description:
      name: url_launcher_macos
      sha256: "91ee3e75ea9dadf38036200c5d3743518f4a5eb77a8d13fda1ee5764373f185e"
      url: "https://pub.dev"
    source: hosted
    version: "3.0.5"
  url_launcher_platform_interface:
    dependency: transitive
    description:
      name: url_launcher_platform_interface
      sha256: "6c9ca697a5ae218ce56cece69d46128169a58aa8653c1b01d26fcd4aad8c4370"
      url: "https://pub.dev"
    source: hosted
    version: "2.1.2"
  url_launcher_web:
    dependency: transitive
    description:
      name: url_launcher_web
      sha256: "81fe91b6c4f84f222d186a9d23c73157dc4c8e1c71489c4d08be1ad3b228f1aa"
      url: "https://pub.dev"
    source: hosted
    version: "2.0.16"
  url_launcher_windows:
    dependency: transitive
    description:
      name: url_launcher_windows
      sha256: a83ba3607a507758669cfafb03f9de09bf6e6280c14d9b9cb18f013e406dcacd
      url: "https://pub.dev"
    source: hosted
    version: "3.0.5"
  uuid:
    dependency: transitive
    description:
      name: uuid
      sha256: "648e103079f7c64a36dc7d39369cabb358d377078a051d6ae2ad3aa539519313"
      url: "https://pub.dev"
    source: hosted
    version: "3.0.7"
  vector_math:
    dependency: transitive
    description:
      name: vector_math
      sha256: "80b3257d1492ce4d091729e3a67a60407d227c27241d6927be0130c98e741803"
      url: "https://pub.dev"
    source: hosted
    version: "2.1.4"
  vm_service:
    dependency: transitive
    description:
      name: vm_service
      sha256: "5c5f338a667b4c644744b661f309fb8080bb94b18a7e91ef1dbd343bed00ed6d"
      url: "https://pub.dev"
    source: hosted
    version: "14.2.5"
  vy_string_utils:
    dependency: transitive
    description:
      name: vy_string_utils
      sha256: fcb31a6a284c1f3793a376b50bad19fff0444a9ce9c819dc1c4b5d01dcea8acc
      url: "https://pub.dev"
    source: hosted
    version: "0.4.5"
  web_socket_channel:
    dependency: "direct main"
    description:
      name: web_socket_channel
      sha256: d88238e5eac9a42bb43ca4e721edba3c08c6354d4a53063afaa568516217621b
      url: "https://pub.dev"
    source: hosted
    version: "2.4.0"
sdks:
  dart: ">=3.3.0 <4.0.0"
  flutter: ">=3.18.0-18.0.pre.54"
